
Microsoft Visual Studio Solution File, Format Version 12.00
# Visual Studio Version 17
VisualStudioVersion = 17.3.32929.385
MinimumVisualStudioVersion = 10.0.40219.1
Project("{FAE04EC0-301F-11D3-BF4B-00C04F79EFBC}") = "GenericsProblem", "GenericsProblem\GenericsProblem.csproj", "{461DDC05-0CB1-4D90-BB7C-D5623D519A3C}"
EndProject
Global
	GlobalSection(SolutionConfigurationPlatforms) = preSolution
		Debug|Any CPU = Debug|Any CPU
		Release|Any CPU = Release|Any CPU
	EndGlobalSection
	GlobalSection(ProjectConfigurationPlatforms) = postSolution
		{461DDC05-0CB1-4D90-BB7C-D5623D519A3C}.Debug|Any CPU.ActiveCfg = Debug|Any CPU
		{461DDC05-0CB1-4D90-BB7C-D5623D519A3C}.Debug|Any CPU.Build.0 = Debug|Any CPU
		{461DDC05-0CB1-4D90-BB7C-D5623D519A3C}.Release|Any CPU.ActiveCfg = Release|Any CPU
		{461DDC05-0CB1-4D90-BB7C-D5623D519A3C}.Release|Any CPU.Build.0 = Release|Any CPU
	EndGlobalSection
	GlobalSection(SolutionProperties) = preSolution
		HideSolutionNode = FALSE
	EndGlobalSection
	GlobalSection(ExtensibilityGlobals) = postSolution
		SolutionGuid = {AEE87E77-922D-404C-9E61-76D0A462A57E}
	EndGlobalSection
EndGlobal
